// !$*UTF8*$!
{
	archiveVersion = 1;
	classes = {
	};
	objectVersion = 77;
	objects = {

/* Begin PBXContainerItemProxy section */
		503088622F83D8C6000DC3D0 /* PBXContainerItemProxy */ = {
			isa = PBXContainerItemProxy;
			containerPortal = 5030884C2F83D8C4000DC3D0 /* Project object */;
			proxyType = 1;
			remoteGlobalIDString = 503088532F83D8C4000DC3D0;
			remoteInfo = "CPU Sentinel";
		};
		5030886C2F83D8C6000DC3D0 /* PBXContainerItemProxy */ = {
			isa = PBXContainerItemProxy;
			containerPortal = 5030884C2F83D8C4000DC3D0 /* Project object */;
			proxyType = 1;
			remoteGlobalIDString = 503088532F83D8C4000DC3D0;
			remoteInfo = "CPU Sentinel";
		};
/* End PBXContainerItemProxy section */

/* Begin PBXFileReference section */
		503088542F83D8C4000DC3D0 /* CPU Sentinel.app */ = {isa = PBXFileReference; explicitFileType = wrapper.application; includeInIndex = 0; path = "CPU Sentinel.app"; sourceTree = BUILT_PRODUCTS_DIR; };
		503088612F83D8C6000DC3D0 /* CPU SentinelTests.xctest */ = {isa = PBXFileReference; explicitFileType = wrapper.cfbundle; includeInIndex = 0; path = "CPU SentinelTests.xctest"; sourceTree = BUILT_PRODUCTS_DIR; };
		5030886B2F83D8C6000DC3D0 /* CPU SentinelUITests.xctest */ = {isa = PBXFileReference; explicitFileType = wrapper.cfbundle; includeInIndex = 0; path = "CPU SentinelUITests.xctest"; sourceTree = BUILT_PRODUCTS_DIR; };
/* End PBXFileReference section */

/* Begin PBXFileSystemSynchronizedRootGroup section */
		503088562F83D8C4000DC3D0 /* CPU Sentinel */ = {
			isa = PBXFileSystemSynchronizedRootGroup;
			path = "CPU Sentinel";
			sourceTree = "<group>";
		};
		503088642F83D8C6000DC3D0 /* CPU SentinelTests */ = {
			isa = PBXFileSystemSynchronizedRootGroup;
			path = "CPU SentinelTests";
			sourceTree = "<group>";
		};
		5030886E2F83D8C6000DC3D0 /* CPU SentinelUITests */ = {
			isa = PBXFileSystemSynchronizedRootGroup;
			path = "CPU SentinelUITests";
			sourceTree = "<group>";
		};
/* End PBXFileSystemSynchronizedRootGroup section */

/* Begin PBXFrameworksBuildPhase section */
		503088512F83D8C4000DC3D0 /* Frameworks */ = {
			isa = PBXFrameworksBuildPhase;
			buildActionMask = 2147483647;
			files = (
			);
			runOnlyForDeploymentPostprocessing = 0;
		};
		5030885E2F83D8C6000DC3D0 /* Frameworks */ = {
			isa = PBXFrameworksBuildPhase;
			buildActionMask = 2147483647;
			files = (
			);
			runOnlyForDeploymentPostprocessing = 0;
		};
		503088682F83D8C6000DC3D0 /* Frameworks */ = {
			isa = PBXFrameworksBuildPhase;
			buildActionMask = 2147483647;
			files = (
			);
			runOnlyForDeploymentPostprocessing = 0;
		};
/* End PBXFrameworksBuildPhase section */

/* Begin PBXGroup section */
		5030884B2F83D8C4000DC3D0 = {
			isa = PBXGroup;
			children = (
				503088562F83D8C4000DC3D0 /* CPU Sentinel */,
				503088642F83D8C6000DC3D0 /* CPU SentinelTests */,
				5030886E2F83D8C6000DC3D0 /* CPU SentinelUITests */,
				503088552F83D8C4000DC3D0 /* Products */,
			);
			sourceTree = "<group>";
		};
		503088552F83D8C4000DC3D0 /* Products */ = {
			isa = PBXGroup;
			children = (
				503088542F83D8C4000DC3D0 /* CPU Sentinel.app */,
				503088612F83D8C6000DC3D0 /* CPU SentinelTests.xctest */,
				5030886B2F83D8C6000DC3D0 /* CPU SentinelUITests.xctest */,
			);
			name = Products;
			sourceTree = "<group>";
		};
/* End PBXGroup section */

/* Begin PBXNativeTarget section */
		503088532F83D8C4000DC3D0 /* CPU Sentinel */ = {
			isa = PBXNativeTarget;
			buildConfigurationList = 503088752F83D8C6000DC3D0 /* Build configuration list for PBXNativeTarget "CPU Sentinel" */;
			buildPhases = (
				503088502F83D8C4000DC3D0 /* Sources */,
				503088512F83D8C4000DC3D0 /* Frameworks */,
				503088522F83D8C4000DC3D0 /* Resources */,
			);
			buildRules = (
			);
			dependencies = (
			);
			fileSystemSynchronizedGroups = (
				503088562F83D8C4000DC3D0 /* CPU Sentinel */,
			);
			name = "CPU Sentinel";
			packageProductDependencies = (
			);
			productName = "CPU Sentinel";
			productReference = 503088542F83D8C4000DC3D0 /* CPU Sentinel.app */;
			productType = "com.apple.product-type.application";
		};
		503088602F83D8C6000DC3D0 /* CPU SentinelTests */ = {
			isa = PBXNativeTarget;
			buildConfigurationList = 503088782F83D8C6000DC3D0 /* Build configuration list for PBXNativeTarget "CPU SentinelTests" */;
			buildPhases = (
				5030885D2F83D8C6000DC3D0 /* Sources */,
				5030885E2F83D8C6000DC3D0 /* Frameworks */,
				5030885F2F83D8C6000DC3D0 /* Resources */,
			);
			buildRules = (
			);
			dependencies = (
				503088632F83D8C6000DC3D0 /* PBXTargetDependency */,
			);
			fileSystemSynchronizedGroups = (
				503088642F83D8C6000DC3D0 /* CPU SentinelTests */,
			);
			name = "CPU SentinelTests";
			packageProductDependencies = (
			);
			productName = "CPU SentinelTests";
			productReference = 503088612F83D8C6000DC3D0 /* CPU SentinelTests.xctest */;
			productType = "com.apple.product-type.bundle.unit-test";
		};
		5030886A2F83D8C6000DC3D0 /* CPU SentinelUITests */ = {
			isa = PBXNativeTarget;
			buildConfigurationList = 5030887B2F83D8C6000DC3D0 /* Build configuration list for PBXNativeTarget "CPU SentinelUITests" */;
			buildPhases = (
				503088672F83D8C6000DC3D0 /* Sources */,
				503088682F83D8C6000DC3D0 /* Frameworks */,
				503088692F83D8C6000DC3D0 /* Resources */,
			);
			buildRules = (
			);
			dependencies = (
				5030886D2F83D8C6000DC3D0 /* PBXTargetDependency */,
			);
			fileSystemSynchronizedGroups = (
				5030886E2F83D8C6000DC3D0 /* CPU SentinelUITests */,
			);
			name = "CPU SentinelUITests";
			packageProductDependencies = (
			);
			productName = "CPU SentinelUITests";
			productReference = 5030886B2F83D8C6000DC3D0 /* CPU SentinelUITests.xctest */;
			productType = "com.apple.product-type.bundle.ui-testing";
		};
/* End PBXNativeTarget section */

/* Begin PBXProject section */
		5030884C2F83D8C4000DC3D0 /* Project object */ = {
			isa = PBXProject;
			attributes = {
				BuildIndependentTargetsInParallel = 1;
				LastSwiftUpdateCheck = 2630;
				LastUpgradeCheck = 2630;
				TargetAttributes = {
					503088532F83D8C4000DC3D0 = {
						CreatedOnToolsVersion = 26.3;
					};
					503088602F83D8C6000DC3D0 = {
						CreatedOnToolsVersion = 26.3;
						TestTargetID = 503088532F83D8C4000DC3D0;
					};
					5030886A2F83D8C6000DC3D0 = {
						CreatedOnToolsVersion = 26.3;
						TestTargetID = 503088532F83D8C4000DC3D0;
					};
				};
			};
			buildConfigurationList = 5030884F2F83D8C4000DC3D0 /* Build configuration list for PBXProject "CPU Sentinel" */;
			developmentRegion = en;
			hasScannedForEncodings = 0;
			knownRegions = (
				en,
				Base,
			);
			mainGroup = 5030884B2F83D8C4000DC3D0;
			minimizedProjectReferenceProxies = 1;
			preferredProjectObjectVersion = 77;
			productRefGroup = 503088552F83D8C4000DC3D0 /* Products */;
			projectDirPath = "";
			projectRoot = "";
			targets = (
				503088532F83D8C4000DC3D0 /* CPU Sentinel */,
				503088602F83D8C6000DC3D0 /* CPU SentinelTests */,
				5030886A2F83D8C6000DC3D0 /* CPU SentinelUITests */,
			);
		};
/* End PBXProject section */

/* Begin PBXResourcesBuildPhase section */
		503088522F83D8C4000DC3D0 /* Resources */ = {
			isa = PBXResourcesBuildPhase;
			buildActionMask = 2147483647;
			files = (
			);
			runOnlyForDeploymentPostprocessing = 0;
		};
		5030885F2F83D8C6000DC3D0 /* Resources */ = {
			isa = PBXResourcesBuildPhase;
			buildActionMask = 2147483647;
			files = (
			);
			runOnlyForDeploymentPostprocessing = 0;
		};
		503088692F83D8C6000DC3D0 /* Resources */ = {
			isa = PBXResourcesBuildPhase;
			buildActionMask = 2147483647;
			files = (
			);
			runOnlyForDeploymentPostprocessing = 0;
		};
/* End PBXResourcesBuildPhase section */

/* Begin PBXSourcesBuildPhase section */
		503088502F83D8C4000DC3D0 /* Sources */ = {
			isa = PBXSourcesBuildPhase;
			buildActionMask = 2147483647;
			files = (
			);
			runOnlyForDeploymentPostprocessing = 0;
		};
		5030885D2F83D8C6000DC3D0 /* Sources */ = {
			isa = PBXSourcesBuildPhase;
			buildActionMask = 2147483647;
			files = (
			);
			runOnlyForDeploymentPostprocessing = 0;
		};
		503088672F83D8C6000DC3D0 /* Sources */ = {
			isa = PBXSourcesBuildPhase;
			buildActionMask = 2147483647;
			files = (
			);
			runOnlyForDeploymentPostprocessing = 0;
		};
/* End PBXSourcesBuildPhase section */

/* Begin PBXTargetDependency section */
		503088632F83D8C6000DC3D0 /* PBXTargetDependency */ = {
			isa = PBXTargetDependency;
			target = 503088532F83D8C4000DC3D0 /* CPU Sentinel */;
			targetProxy = 503088622F83D8C6000DC3D0 /* PBXContainerItemProxy */;
		};
		5030886D2F83D8C6000DC3D0 /* PBXTargetDependency */ = {
			isa = PBXTargetDependency;
			target = 503088532F83D8C4000DC3D0 /* CPU Sentinel */;
			targetProxy = 5030886C2F83D8C6000DC3D0 /* PBXContainerItemProxy */;
		};
/* End PBXTargetDependency section */

/* Begin XCBuildConfiguration section */
		503088732F83D8C6000DC3D0 /* Debug */ = {
			isa = XCBuildConfiguration;
			buildSettings = {
				ALWAYS_SEARCH_USER_PATHS = NO;
				ASSETCATALOG_COMPILER_GENERATE_SWIFT_ASSET_SYMBOL_EXTENSIONS = YES;
				CLANG_ANALYZER_NONNULL = YES;
				CLANG_ANALYZER_NUMBER_OBJECT_CONVERSION = YES_AGGRESSIVE;
				CLANG_CXX_LANGUAGE_STANDARD = "gnu++20";
				CLANG_ENABLE_MODULES = YES;
				CLANG_ENABLE_OBJC_ARC = YES;
				CLANG_ENABLE_OBJC_WEAK = YES;
				CLANG_WARN_BLOCK_CAPTURE_AUTORELEASING = YES;
				CLANG_WARN_BOOL_CONVERSION = YES;
				CLANG_WARN_COMMA = YES;
				CLANG_WARN_CONSTANT_CONVERSION = YES;
				CLANG_WARN_DEPRECATED_OBJC_IMPLEMENTATIONS = YES;
				CLANG_WARN_DIRECT_OBJC_ISA_USAGE = YES_ERROR;
				CLANG_WARN_DOCUMENTATION_COMMENTS = YES;
				CLANG_WARN_EMPTY_BODY = YES;
				CLANG_WARN_ENUM_CONVERSION = YES;
				CLANG_WARN_INFINITE_RECURSION = YES;
				CLANG_WARN_INT_CONVERSION = YES;
				CLANG_WARN_NON_LITERAL_NULL_CONVERSION = YES;
				CLANG_WARN_OBJC_IMPLICIT_RETAIN_SELF = YES;
				CLANG_WARN_OBJC_LITERAL_CONVERSION = YES;
				CLANG_WARN_OBJC_ROOT_CLASS = YES_ERROR;
				CLANG_WARN_QUOTED_INCLUDE_IN_FRAMEWORK_HEADER = YES;
				CLANG_WARN_RANGE_LOOP_ANALYSIS = YES;
				CLANG_WARN_STRICT_PROTOTYPES = YES;
				CLANG_WARN_SUSPICIOUS_MOVE = YES;
				CLANG_WARN_UNGUARDED_AVAILABILITY = YES_AGGRESSIVE;
				CLANG_WARN_UNREACHABLE_CODE = YES;
				CLANG_WARN__DUPLICATE_METHOD_MATCH = YES;
				COPY_PHASE_STRIP = NO;
				DEBUG_INFORMATION_FORMAT = dwarf;
				DEVELOPMENT_TEAM = L3LW3F6WGP;
				ENABLE_STRICT_OBJC_MSGSEND = YES;
				ENABLE_TESTABILITY = YES;
				ENABLE_USER_SCRIPT_SANDBOXING = YES;
				GCC_C_LANGUAGE_STANDARD = gnu17;
				GCC_DYNAMIC_NO_PIC = NO;
				GCC_NO_COMMON_BLOCKS = YES;
				GCC_OPTIMIZATION_LEVEL = 0;
				GCC_PREPROCESSOR_DEFINITIONS = (
					"DEBUG=1",
					"$(inherited)",
				);
				GCC_WARN_64_TO_32_BIT_CONVERSION = YES;
				GCC_WARN_ABOUT_RETURN_TYPE = YES_ERROR;
				GCC_WARN_UNDECLARED_SELECTOR = YES;
				GCC_WARN_UNINITIALIZED_AUTOS = YES_AGGRESSIVE;
				GCC_WARN_UNUSED_FUNCTION = YES;
				GCC_WARN_UNUSED_VARIABLE = YES;
				LOCALIZATION_PREFERS_STRING_CATALOGS = YES;
				MACOSX_DEPLOYMENT_TARGET = 26.1;
				MTL_ENABLE_DEBUG_INFO = INCLUDE_SOURCE;
				MTL_FAST_MATH = YES;
				ONLY_ACTIVE_ARCH = YES;
				SDKROOT = macosx;
				SWIFT_ACTIVE_COMPILATION_CONDITIONS = "DEBUG $(inherited)";
				SWIFT_OPTIMIZATION_LEVEL = "-Onone";
			};
			name = Debug;
		};
		503088742F83D8C6000DC3D0 /* Release */ = {
			isa = XCBuildConfiguration;
			buildSettings = {
				ALWAYS_SEARCH_USER_PATHS = NO;
				ASSETCATALOG_COMPILER_GENERATE_SWIFT_ASSET_SYMBOL_EXTENSIONS = YES;
				CLANG_ANALYZER_NONNULL = YES;
				CLANG_ANALYZER_NUMBER_OBJECT_CONVERSION = YES_AGGRESSIVE;
				CLANG_CXX_LANGUAGE_STANDARD = "gnu++20";
				CLANG_ENABLE_MODULES = YES;
				CLANG_ENABLE_OBJC_ARC = YES;
				CLANG_ENABLE_OBJC_WEAK = YES;
				CLANG_WARN_BLOCK_CAPTURE_AUTORELEASING = YES;
				CLANG_WARN_BOOL_CONVERSION = YES;
				CLANG_WARN_COMMA = YES;
				CLANG_WARN_CONSTANT_CONVERSION = YES;
				CLANG_WARN_DEPRECATED_OBJC_IMPLEMENTATIONS = YES;
				CLANG_WARN_DIRECT_OBJC_ISA_USAGE = YES_ERROR;
				CLANG_WARN_DOCUMENTATION_COMMENTS = YES;
				CLANG_WARN_EMPTY_BODY = YES;
				CLANG_WARN_ENUM_CONVERSION = YES;
				CLANG_WARN_INFINITE_RECURSION = YES;
				CLANG_WARN_INT_CONVERSION = YES;
				CLANG_WARN_NON_LITERAL_NULL_CONVERSION = YES;
				CLANG_WARN_OBJC_IMPLICIT_RETAIN_SELF = YES;
				CLANG_WARN_OBJC_LITERAL_CONVERSION = YES;
				CLANG_WARN_OBJC_ROOT_CLASS = YES_ERROR;
				CLANG_WARN_QUOTED_INCLUDE_IN_FRAMEWORK_HEADER = YES;
				CLANG_WARN_RANGE_LOOP_ANALYSIS = YES;
				CLANG_WARN_STRICT_PROTOTYPES = YES;
				CLANG_WARN_SUSPICIOUS_MOVE = YES;
				CLANG_WARN_UNGUARDED_AVAILABILITY = YES_AGGRESSIVE;
				CLANG_WARN_UNREACHABLE_CODE = YES;
				CLANG_WARN__DUPLICATE_METHOD_MATCH = YES;
				COPY_PHASE_STRIP = NO;
				DEBUG_INFORMATION_FORMAT = "dwarf-with-dsym";
				DEVELOPMENT_TEAM = L3LW3F6WGP;
				ENABLE_NS_ASSERTIONS = NO;
				ENABLE_STRICT_OBJC_MSGSEND = YES;
				ENABLE_USER_SCRIPT_SANDBOXING = YES;
				GCC_C_LANGUAGE_STANDARD = gnu17;
				GCC_NO_COMMON_BLOCKS = YES;
				GCC_WARN_64_TO_32_BIT_CONVERSION = YES;
				GCC_WARN_ABOUT_RETURN_TYPE = YES_ERROR;
				GCC_WARN_UNDECLARED_SELECTOR = YES;
				GCC_WARN_UNINITIALIZED_AUTOS = YES_AGGRESSIVE;
				GCC_WARN_UNUSED_FUNCTION = YES;
				GCC_WARN_UNUSED_VARIABLE = YES;
				LOCALIZATION_PREFERS_STRING_CATALOGS = YES;
				MACOSX_DEPLOYMENT_TARGET = 26.1;
				MTL_ENABLE_DEBUG_INFO = NO;
				MTL_FAST_MATH = YES;
				SDKROOT = macosx;
				SWIFT_COMPILATION_MODE = wholemodule;
			};
			name = Release;
		};
		503088762F83D8C6000DC3D0 /* Debug */ = {
			isa = XCBuildConfiguration;
			buildSettings = {
				ASSETCATALOG_COMPILER_APPICON_NAME = AppIcon;
				ASSETCATALOG_COMPILER_GLOBAL_ACCENT_COLOR_NAME = AccentColor;
				CODE_SIGN_STYLE = Automatic;
				COMBINE_HIDPI_IMAGES = YES;
				CURRENT_PROJECT_VERSION = 1;
				DEVELOPMENT_TEAM = L3LW3F6WGP;
				ENABLE_APP_SANDBOX = YES;
				ENABLE_HARDENED_RUNTIME = YES;
				ENABLE_PREVIEWS = YES;
				ENABLE_USER_SELECTED_FILES = readonly;
				GENERATE_INFOPLIST_FILE = YES;
				INFOPLIST_KEY_NSHumanReadableCopyright = "";
				LD_RUNPATH_SEARCH_PATHS = (
					"$(inherited)",
					"@executable_path/../Frameworks",
				);
				MARKETING_VERSION = 1.0;
				PRODUCT_BUNDLE_IDENTIFIER = "com.baseflow.CPU-Sentinel";
				PRODUCT_NAME = "$(TARGET_NAME)";
				REGISTER_APP_GROUPS = YES;
				STRING_CATALOG_GENERATE_SYMBOLS = YES;
				SWIFT_APPROACHABLE_CONCURRENCY = YES;
				SWIFT_DEFAULT_ACTOR_ISOLATION = MainActor;
				SWIFT_EMIT_LOC_STRINGS = YES;
				SWIFT_UPCOMING_FEATURE_MEMBER_IMPORT_VISIBILITY = YES;
				SWIFT_VERSION = 5.0;
			};
			name = Debug;
		};
		503088772F83D8C6000DC3D0 /* Release */ = {
			isa = XCBuildConfiguration;
			buildSettings = {
				ASSETCATALOG_COMPILER_APPICON_NAME = AppIcon;
				ASSETCATALOG_COMPILER_GLOBAL_ACCENT_COLOR_NAME = AccentColor;
				CODE_SIGN_STYLE = Automatic;
				COMBINE_HIDPI_IMAGES = YES;
				CURRENT_PROJECT_VERSION = 1;
				DEVELOPMENT_TEAM = L3LW3F6WGP;
				ENABLE_APP_SANDBOX = YES;
				ENABLE_HARDENED_RUNTIME = YES;
				ENABLE_PREVIEWS = YES;
				ENABLE_USER_SELECTED_FILES = readonly;
				GENERATE_INFOPLIST_FILE = YES;
				INFOPLIST_KEY_NSHumanReadableCopyright = "";
				LD_RUNPATH_SEARCH_PATHS = (
					"$(inherited)",
					"@executable_path/../Frameworks",
				);
				MARKETING_VERSION = 1.0;
				PRODUCT_BUNDLE_IDENTIFIER = "com.baseflow.CPU-Sentinel";
				PRODUCT_NAME = "$(TARGET_NAME)";
				REGISTER_APP_GROUPS = YES;
				STRING_CATALOG_GENERATE_SYMBOLS = YES;
				SWIFT_APPROACHABLE_CONCURRENCY = YES;
				SWIFT_DEFAULT_ACTOR_ISOLATION = MainActor;
				SWIFT_EMIT_LOC_STRINGS = YES;
				SWIFT_UPCOMING_FEATURE_MEMBER_IMPORT_VISIBILITY = YES;
				SWIFT_VERSION = 5.0;
			};
			name = Release;
		};
		503088792F83D8C6000DC3D0 /* Debug */ = {
			isa = XCBuildConfiguration;
			buildSettings = {
				BUNDLE_LOADER = "$(TEST_HOST)";
				CODE_SIGN_STYLE = Automatic;
				CURRENT_PROJECT_VERSION = 1;
				DEVELOPMENT_TEAM = L3LW3F6WGP;
				GENERATE_INFOPLIST_FILE = YES;
				MACOSX_DEPLOYMENT_TARGET = 26.1;
				MARKETING_VERSION = 1.0;
				PRODUCT_BUNDLE_IDENTIFIER = "com.baseflow.CPU-SentinelTests";
				PRODUCT_NAME = "$(TARGET_NAME)";
				STRING_CATALOG_GENERATE_SYMBOLS = NO;
				SWIFT_APPROACHABLE_CONCURRENCY = YES;
				SWIFT_EMIT_LOC_STRINGS = NO;
				SWIFT_UPCOMING_FEATURE_MEMBER_IMPORT_VISIBILITY = YES;
				SWIFT_VERSION = 5.0;
				TEST_HOST = "$(BUILT_PRODUCTS_DIR)/CPU Sentinel.app/$(BUNDLE_EXECUTABLE_FOLDER_PATH)/CPU Sentinel";
			};
			name = Debug;
		};
		5030887A2F83D8C6000DC3D0 /* Release */ = {
			isa = XCBuildConfiguration;
			buildSettings = {
				BUNDLE_LOADER = "$(TEST_HOST)";
				CODE_SIGN_STYLE = Automatic;
				CURRENT_PROJECT_VERSION = 1;
				DEVELOPMENT_TEAM = L3LW3F6WGP;
				GENERATE_INFOPLIST_FILE = YES;
				MACOSX_DEPLOYMENT_TARGET = 26.1;
				MARKETING_VERSION = 1.0;
				PRODUCT_BUNDLE_IDENTIFIER = "com.baseflow.CPU-SentinelTests";
				PRODUCT_NAME = "$(TARGET_NAME)";
				STRING_CATALOG_GENERATE_SYMBOLS = NO;
				SWIFT_APPROACHABLE_CONCURRENCY = YES;
				SWIFT_EMIT_LOC_STRINGS = NO;
				SWIFT_UPCOMING_FEATURE_MEMBER_IMPORT_VISIBILITY = YES;
				SWIFT_VERSION = 5.0;
				TEST_HOST = "$(BUILT_PRODUCTS_DIR)/CPU Sentinel.app/$(BUNDLE_EXECUTABLE_FOLDER_PATH)/CPU Sentinel";
			};
			name = Release;
		};
		5030887C2F83D8C6000DC3D0 /* Debug */ = {
			isa = XCBuildConfiguration;
			buildSettings = {
				CODE_SIGN_STYLE = Automatic;
				CURRENT_PROJECT_VERSION = 1;
				DEVELOPMENT_TEAM = L3LW3F6WGP;
				GENERATE_INFOPLIST_FILE = YES;
				MARKETING_VERSION = 1.0;
				PRODUCT_BUNDLE_IDENTIFIER = "com.baseflow.CPU-SentinelUITests";
				PRODUCT_NAME = "$(TARGET_NAME)";
				STRING_CATALOG_GENERATE_SYMBOLS = NO;
				SWIFT_APPROACHABLE_CONCURRENCY = YES;
				SWIFT_EMIT_LOC_STRINGS = NO;
				SWIFT_UPCOMING_FEATURE_MEMBER_IMPORT_VISIBILITY = YES;
				SWIFT_VERSION = 5.0;
				TEST_TARGET_NAME = "CPU Sentinel";
			};
			name = Debug;
		};
		5030887D2F83D8C6000DC3D0 /* Release */ = {
			isa = XCBuildConfiguration;
			buildSettings = {
				CODE_SIGN_STYLE = Automatic;
				CURRENT_PROJECT_VERSION = 1;
				DEVELOPMENT_TEAM = L3LW3F6WGP;
				GENERATE_INFOPLIST_FILE = YES;
				MARKETING_VERSION = 1.0;
				PRODUCT_BUNDLE_IDENTIFIER = "com.baseflow.CPU-SentinelUITests";
				PRODUCT_NAME = "$(TARGET_NAME)";
				STRING_CATALOG_GENERATE_SYMBOLS = NO;
				SWIFT_APPROACHABLE_CONCURRENCY = YES;
				SWIFT_EMIT_LOC_STRINGS = NO;
				SWIFT_UPCOMING_FEATURE_MEMBER_IMPORT_VISIBILITY = YES;
				SWIFT_VERSION = 5.0;
				TEST_TARGET_NAME = "CPU Sentinel";
			};
			name = Release;
		};
/* End XCBuildConfiguration section */

/* Begin XCConfigurationList section */
		5030884F2F83D8C4000DC3D0 /* Build configuration list for PBXProject "CPU Sentinel" */ = {
			isa = XCConfigurationList;
			buildConfigurations = (
				503088732F83D8C6000DC3D0 /* Debug */,
				503088742F83D8C6000DC3D0 /* Release */,
			);
			defaultConfigurationIsVisible = 0;
			defaultConfigurationName = Release;
		};
		503088752F83D8C6000DC3D0 /* Build configuration list for PBXNativeTarget "CPU Sentinel" */ = {
			isa = XCConfigurationList;
			buildConfigurations = (
				503088762F83D8C6000DC3D0 /* Debug */,
				503088772F83D8C6000DC3D0 /* Release */,
			);
			defaultConfigurationIsVisible = 0;
			defaultConfigurationName = Release;
		};
		503088782F83D8C6000DC3D0 /* Build configuration list for PBXNativeTarget "CPU SentinelTests" */ = {
			isa = XCConfigurationList;
			buildConfigurations = (
				503088792F83D8C6000DC3D0 /* Debug */,
				5030887A2F83D8C6000DC3D0 /* Release */,
			);
			defaultConfigurationIsVisible = 0;
			defaultConfigurationName = Release;
		};
		5030887B2F83D8C6000DC3D0 /* Build configuration list for PBXNativeTarget "CPU SentinelUITests" */ = {
			isa = XCConfigurationList;
			buildConfigurations = (
				5030887C2F83D8C6000DC3D0 /* Debug */,
				5030887D2F83D8C6000DC3D0 /* Release */,
			);
			defaultConfigurationIsVisible = 0;
			defaultConfigurationName = Release;
		};
/* End XCConfigurationList section */
	};
	rootObject = 5030884C2F83D8C4000DC3D0 /* Project object */;
}
